
Microsoft Visual Studio Solution File, Format Version 12.00
# Visual Studio Version 17
VisualStudioVersion = 17.3.32825.248
MinimumVisualStudioVersion = 10.0.40219.1
Project("{FAE04EC0-301F-11D3-BF4B-00C04F79EFBC}") = "EngineLibrary", "EngineLibrary\EngineLibrary.csproj", "{D5184C3C-1288-499A-8163-7D52CB099B23}"
EndProject
Project("{FAE04EC0-301F-11D3-BF4B-00C04F79EFBC}") = "GameLibrary", "GameLibrary\GameLibrary.csproj", "{34D614E7-86F8-47B8-A355-433B62A5A656}"
EndProject
Project("{FAE04EC0-301F-11D3-BF4B-00C04F79EFBC}") = "GameApplication", "GameApplication\GameApplication.csproj", "{8A774380-73AA-440F-97F4-14EE44057665}"
EndProject
Project("{FAE04EC0-301F-11D3-BF4B-00C04F79EFBC}") = "UDPConnect", "UDPConnect\UDPConnect.csproj", "{198E8B3E-02F4-4DD9-8D5A-597AE1A30EA6}"
EndProject
Global
	GlobalSection(SolutionConfigurationPlatforms) = preSolution
		Debug|Any CPU = Debug|Any CPU
		Release|Any CPU = Release|Any CPU
	EndGlobalSection
	GlobalSection(ProjectConfigurationPlatforms) = postSolution
		{D5184C3C-1288-499A-8163-7D52CB099B23}.Debug|Any CPU.ActiveCfg = Debug|Any CPU
		{D5184C3C-1288-499A-8163-7D52CB099B23}.Debug|Any CPU.Build.0 = Debug|Any CPU
		{D5184C3C-1288-499A-8163-7D52CB099B23}.Release|Any CPU.ActiveCfg = Release|Any CPU
		{D5184C3C-1288-499A-8163-7D52CB099B23}.Release|Any CPU.Build.0 = Release|Any CPU
		{34D614E7-86F8-47B8-A355-433B62A5A656}.Debug|Any CPU.ActiveCfg = Debug|Any CPU
		{34D614E7-86F8-47B8-A355-433B62A5A656}.Debug|Any CPU.Build.0 = Debug|Any CPU
		{34D614E7-86F8-47B8-A355-433B62A5A656}.Release|Any CPU.ActiveCfg = Release|Any CPU
		{34D614E7-86F8-47B8-A355-433B62A5A656}.Release|Any CPU.Build.0 = Release|Any CPU
		{8A774380-73AA-440F-97F4-14EE44057665}.Debug|Any CPU.ActiveCfg = Debug|Any CPU
		{8A774380-73AA-440F-97F4-14EE44057665}.Debug|Any CPU.Build.0 = Debug|Any CPU
		{8A774380-73AA-440F-97F4-14EE44057665}.Release|Any CPU.ActiveCfg = Release|Any CPU
		{8A774380-73AA-440F-97F4-14EE44057665}.Release|Any CPU.Build.0 = Release|Any CPU
		{198E8B3E-02F4-4DD9-8D5A-597AE1A30EA6}.Debug|Any CPU.ActiveCfg = Debug|Any CPU
		{198E8B3E-02F4-4DD9-8D5A-597AE1A30EA6}.Debug|Any CPU.Build.0 = Debug|Any CPU
		{198E8B3E-02F4-4DD9-8D5A-597AE1A30EA6}.Release|Any CPU.ActiveCfg = Release|Any CPU
		{198E8B3E-02F4-4DD9-8D5A-597AE1A30EA6}.Release|Any CPU.Build.0 = Release|Any CPU
	EndGlobalSection
	GlobalSection(SolutionProperties) = preSolution
		HideSolutionNode = FALSE
	EndGlobalSection
	GlobalSection(ExtensibilityGlobals) = postSolution
		SolutionGuid = {A6E909A0-DCAF-446F-8C35-A5D1704B5799}
	EndGlobalSection
EndGlobal
